{"packages":{"pattern_matching":{"version":"0.0.0","source":"git","description":{"url":"https://code.google.com/p/dart-pattern-matching/","ref":null,"resolved-ref":"53a4a9ccae843bb3e401345a4ac3d5f6ee425da7"}},"unittest":{"version":"0.0.0-r.14858","source":"sdk","description":"unittest"},"dart_immutable":{"version":"0.0.1","source":"git","description":{"url":"https://code.google.com/p/dart-immutable/","ref":null,"resolved-ref":"81d19a686de2c2902f2af6225e5cafde411766a8"}},"dart_check":{"version":"0.0.1","source":"git","description":{"url":"https://code.google.com/p/dart-check/","ref":null,"resolved-ref":"250682004ac5522f0ba0a7f49e2c50bf9d4d37d5"}},"dart_enumerators":{"version":"0.0.1","source":"git","description":{"url":"https://code.google.com/p/dart-enumerators/","ref":null,"resolved-ref":"b79d25c6faa69bb052e1f2caec278266df3bae8a"}},"args":{"version":"0.0.0-r.14858","source":"sdk","description":"args"}}}